
Microsoft Visual Studio Solution File, Format Version 12.00
# Visual Studio Version 17
VisualStudioVersion = 17.6.33815.320
MinimumVisualStudioVersion = 10.0.40219.1
Project("{FAE04EC0-301F-11D3-BF4B-00C04F79EFBC}") = "Calendex", "Calendex\Calendex.csproj", "{78AF853F-B87C-40AC-9BFC-3B9CA4DBD9FC}"
EndProject
Global
	GlobalSection(SolutionConfigurationPlatforms) = preSolution
		Debug|Any CPU = Debug|Any CPU
		Release|Any CPU = Release|Any CPU
	EndGlobalSection
	GlobalSection(ProjectConfigurationPlatforms) = postSolution
		{78AF853F-B87C-40AC-9BFC-3B9CA4DBD9FC}.Debug|Any CPU.ActiveCfg = Debug|Any CPU
		{78AF853F-B87C-40AC-9BFC-3B9CA4DBD9FC}.Debug|Any CPU.Build.0 = Debug|Any CPU
		{78AF853F-B87C-40AC-9BFC-3B9CA4DBD9FC}.Release|Any CPU.ActiveCfg = Release|Any CPU
		{78AF853F-B87C-40AC-9BFC-3B9CA4DBD9FC}.Release|Any CPU.Build.0 = Release|Any CPU
	EndGlobalSection
	GlobalSection(SolutionProperties) = preSolution
		HideSolutionNode = FALSE
	EndGlobalSection
	GlobalSection(ExtensibilityGlobals) = postSolution
		SolutionGuid = {12976BB8-6787-4CDB-8202-58FB7BA161ED}
	EndGlobalSection
EndGlobal
